
Microsoft Visual Studio Solution File, Format Version 12.00
# Visual Studio 14
VisualStudioVersion = 14.0.25420.1
MinimumVisualStudioVersion = 10.0.40219.1
Project("{FAE04EC0-301F-11D3-BF4B-00C04F79EFBC}") = "First Class Console Application", "First Class Console Application\First Class Console Application.csproj", "{3A774865-3A86-4603-A874-DEB16F529CB4}"
EndProject
Project("{FAE04EC0-301F-11D3-BF4B-00C04F79EFBC}") = "Files", "Files\Files.csproj", "{97B08B6C-698C-4528-9C28-6397A8B7AAAD}"
EndProject
Project("{FAE04EC0-301F-11D3-BF4B-00C04F79EFBC}") = "Aula_Orientacao_Objeto", "Class_Object_Orientation\Aula_Orientacao_Objeto.csproj", "{F77C6A7E-DBCA-45A4-86F7-3B65CFA9175F}"
EndProject
Project("{FAE04EC0-301F-11D3-BF4B-00C04F79EFBC}") = "Database", "Database\Database.csproj", "{2C3D712E-E095-4CAB-A0BA-F359D175A706}"
EndProject
Project("{FAE04EC0-301F-11D3-BF4B-00C04F79EFBC}") = "WindowsFormsApplication", "WindowsFormsApplication\WindowsFormsApplication.csproj", "{A19ABD94-071B-42C6-8AC3-59B38D47DC21}"
EndProject
Project("{FAE04EC0-301F-11D3-BF4B-00C04F79EFBC}") = "Minhas_Classes", "Minhas_Classes\Minhas_Classes.csproj", "{D03A0E38-3419-4CB5-829D-8B2E60F490D1}"
EndProject
Project("{FAE04EC0-301F-11D3-BF4B-00C04F79EFBC}") = "ProvaParcial1", "Prova1\ProvaParcial1.csproj", "{5816CB7A-B5F1-4396-A353-EFD7BB5FEE48}"
EndProject
Project("{FAE04EC0-301F-11D3-BF4B-00C04F79EFBC}") = "WebApplication1", "WebApplication1\WebApplication1.csproj", "{32C656A2-302E-4A60-BD43-7E8225D74458}"
EndProject
Project("{FAE04EC0-301F-11D3-BF4B-00C04F79EFBC}") = "Urna", "Urna\Urna.csproj", "{7AD63BD3-B847-4F38-BBEB-A0D3D111B677}"
EndProject
Project("{FAE04EC0-301F-11D3-BF4B-00C04F79EFBC}") = "OrdemServico", "OficinaMecanica\OrdemServico.csproj", "{26615A1D-7A44-46E7-BC58-26406B3D39D3}"
EndProject
Project("{FAE04EC0-301F-11D3-BF4B-00C04F79EFBC}") = "Classes_Ordem_Servico", "Classes_Ordem_Servico\Classes_Ordem_Servico.csproj", "{BAF7F89C-5253-4F79-AA47-9133BF1817C8}"
EndProject
Project("{FAE04EC0-301F-11D3-BF4B-00C04F79EFBC}") = "ImobiliariaProvaBimestral1", "ImobiliariaProvaBimestral\ImobiliariaProvaBimestral1.csproj", "{AB2A674A-143E-4C3C-A5C7-DEFC9616B24C}"
EndProject
Project("{FAE04EC0-301F-11D3-BF4B-00C04F79EFBC}") = "Classes_Imobiliaria", "Classes_Imobiliaria\Classes_Imobiliaria.csproj", "{B83D825D-E92C-460D-8F66-13D4B81FB660}"
EndProject
Project("{FAE04EC0-301F-11D3-BF4B-00C04F79EFBC}") = "NossoSite", "NossoSite\NossoSite.csproj", "{C2AF952E-70BD-43EB-A5FC-EEA76CDD54EF}"
EndProject
Project("{FAE04EC0-301F-11D3-BF4B-00C04F79EFBC}") = "ProfessoresWebForm", "ProfessoresWebForms\ProfessoresWebForm.csproj", "{B692DE31-CCB7-4D33-9A03-EB02FFAA57A6}"
EndProject
Project("{FAE04EC0-301F-11D3-BF4B-00C04F79EFBC}") = "WebFormEstacionamento", "WebFormEstacionamento\WebFormEstacionamento.csproj", "{2DDFCB37-CEFE-4DB7-8F7D-B4CB8D72D71B}"
EndProject
Global
	GlobalSection(SolutionConfigurationPlatforms) = preSolution
		Debug|Any CPU = Debug|Any CPU
		Release|Any CPU = Release|Any CPU
	EndGlobalSection
	GlobalSection(ProjectConfigurationPlatforms) = postSolution
		{3A774865-3A86-4603-A874-DEB16F529CB4}.Debug|Any CPU.ActiveCfg = Debug|Any CPU
		{3A774865-3A86-4603-A874-DEB16F529CB4}.Debug|Any CPU.Build.0 = Debug|Any CPU
		{3A774865-3A86-4603-A874-DEB16F529CB4}.Release|Any CPU.ActiveCfg = Release|Any CPU
		{3A774865-3A86-4603-A874-DEB16F529CB4}.Release|Any CPU.Build.0 = Release|Any CPU
		{97B08B6C-698C-4528-9C28-6397A8B7AAAD}.Debug|Any CPU.ActiveCfg = Debug|Any CPU
		{97B08B6C-698C-4528-9C28-6397A8B7AAAD}.Debug|Any CPU.Build.0 = Debug|Any CPU
		{97B08B6C-698C-4528-9C28-6397A8B7AAAD}.Release|Any CPU.ActiveCfg = Release|Any CPU
		{97B08B6C-698C-4528-9C28-6397A8B7AAAD}.Release|Any CPU.Build.0 = Release|Any CPU
		{F77C6A7E-DBCA-45A4-86F7-3B65CFA9175F}.Debug|Any CPU.ActiveCfg = Debug|Any CPU
		{F77C6A7E-DBCA-45A4-86F7-3B65CFA9175F}.Debug|Any CPU.Build.0 = Debug|Any CPU
		{F77C6A7E-DBCA-45A4-86F7-3B65CFA9175F}.Release|Any CPU.ActiveCfg = Release|Any CPU
		{F77C6A7E-DBCA-45A4-86F7-3B65CFA9175F}.Release|Any CPU.Build.0 = Release|Any CPU
		{2C3D712E-E095-4CAB-A0BA-F359D175A706}.Debug|Any CPU.ActiveCfg = Debug|Any CPU
		{2C3D712E-E095-4CAB-A0BA-F359D175A706}.Debug|Any CPU.Build.0 = Debug|Any CPU
		{2C3D712E-E095-4CAB-A0BA-F359D175A706}.Release|Any CPU.ActiveCfg = Release|Any CPU
		{2C3D712E-E095-4CAB-A0BA-F359D175A706}.Release|Any CPU.Build.0 = Release|Any CPU
		{A19ABD94-071B-42C6-8AC3-59B38D47DC21}.Debug|Any CPU.ActiveCfg = Debug|Any CPU
		{A19ABD94-071B-42C6-8AC3-59B38D47DC21}.Debug|Any CPU.Build.0 = Debug|Any CPU
		{A19ABD94-071B-42C6-8AC3-59B38D47DC21}.Release|Any CPU.ActiveCfg = Release|Any CPU
		{A19ABD94-071B-42C6-8AC3-59B38D47DC21}.Release|Any CPU.Build.0 = Release|Any CPU
		{D03A0E38-3419-4CB5-829D-8B2E60F490D1}.Debug|Any CPU.ActiveCfg = Debug|Any CPU
		{D03A0E38-3419-4CB5-829D-8B2E60F490D1}.Debug|Any CPU.Build.0 = Debug|Any CPU
		{D03A0E38-3419-4CB5-829D-8B2E60F490D1}.Release|Any CPU.ActiveCfg = Release|Any CPU
		{D03A0E38-3419-4CB5-829D-8B2E60F490D1}.Release|Any CPU.Build.0 = Release|Any CPU
		{5816CB7A-B5F1-4396-A353-EFD7BB5FEE48}.Debug|Any CPU.ActiveCfg = Debug|Any CPU
		{5816CB7A-B5F1-4396-A353-EFD7BB5FEE48}.Debug|Any CPU.Build.0 = Debug|Any CPU
		{5816CB7A-B5F1-4396-A353-EFD7BB5FEE48}.Release|Any CPU.ActiveCfg = Release|Any CPU
		{5816CB7A-B5F1-4396-A353-EFD7BB5FEE48}.Release|Any CPU.Build.0 = Release|Any CPU
		{32C656A2-302E-4A60-BD43-7E8225D74458}.Debug|Any CPU.ActiveCfg = Debug|Any CPU
		{32C656A2-302E-4A60-BD43-7E8225D74458}.Debug|Any CPU.Build.0 = Debug|Any CPU
		{32C656A2-302E-4A60-BD43-7E8225D74458}.Release|Any CPU.ActiveCfg = Release|Any CPU
		{32C656A2-302E-4A60-BD43-7E8225D74458}.Release|Any CPU.Build.0 = Release|Any CPU
		{7AD63BD3-B847-4F38-BBEB-A0D3D111B677}.Debug|Any CPU.ActiveCfg = Debug|Any CPU
		{7AD63BD3-B847-4F38-BBEB-A0D3D111B677}.Debug|Any CPU.Build.0 = Debug|Any CPU
		{7AD63BD3-B847-4F38-BBEB-A0D3D111B677}.Release|Any CPU.ActiveCfg = Release|Any CPU
		{7AD63BD3-B847-4F38-BBEB-A0D3D111B677}.Release|Any CPU.Build.0 = Release|Any CPU
		{26615A1D-7A44-46E7-BC58-26406B3D39D3}.Debug|Any CPU.ActiveCfg = Debug|Any CPU
		{26615A1D-7A44-46E7-BC58-26406B3D39D3}.Debug|Any CPU.Build.0 = Debug|Any CPU
		{26615A1D-7A44-46E7-BC58-26406B3D39D3}.Release|Any CPU.ActiveCfg = Release|Any CPU
		{26615A1D-7A44-46E7-BC58-26406B3D39D3}.Release|Any CPU.Build.0 = Release|Any CPU
		{BAF7F89C-5253-4F79-AA47-9133BF1817C8}.Debug|Any CPU.ActiveCfg = Debug|Any CPU
		{BAF7F89C-5253-4F79-AA47-9133BF1817C8}.Debug|Any CPU.Build.0 = Debug|Any CPU
		{BAF7F89C-5253-4F79-AA47-9133BF1817C8}.Release|Any CPU.ActiveCfg = Release|Any CPU
		{BAF7F89C-5253-4F79-AA47-9133BF1817C8}.Release|Any CPU.Build.0 = Release|Any CPU
		{AB2A674A-143E-4C3C-A5C7-DEFC9616B24C}.Debug|Any CPU.ActiveCfg = Debug|Any CPU
		{AB2A674A-143E-4C3C-A5C7-DEFC9616B24C}.Debug|Any CPU.Build.0 = Debug|Any CPU
		{AB2A674A-143E-4C3C-A5C7-DEFC9616B24C}.Release|Any CPU.ActiveCfg = Release|Any CPU
		{AB2A674A-143E-4C3C-A5C7-DEFC9616B24C}.Release|Any CPU.Build.0 = Release|Any CPU
		{B83D825D-E92C-460D-8F66-13D4B81FB660}.Debug|Any CPU.ActiveCfg = Debug|Any CPU
		{B83D825D-E92C-460D-8F66-13D4B81FB660}.Debug|Any CPU.Build.0 = Debug|Any CPU
		{B83D825D-E92C-460D-8F66-13D4B81FB660}.Release|Any CPU.ActiveCfg = Release|Any CPU
		{B83D825D-E92C-460D-8F66-13D4B81FB660}.Release|Any CPU.Build.0 = Release|Any CPU
		{C2AF952E-70BD-43EB-A5FC-EEA76CDD54EF}.Debug|Any CPU.ActiveCfg = Debug|Any CPU
		{C2AF952E-70BD-43EB-A5FC-EEA76CDD54EF}.Debug|Any CPU.Build.0 = Debug|Any CPU
		{C2AF952E-70BD-43EB-A5FC-EEA76CDD54EF}.Release|Any CPU.ActiveCfg = Release|Any CPU
		{C2AF952E-70BD-43EB-A5FC-EEA76CDD54EF}.Release|Any CPU.Build.0 = Release|Any CPU
		{B692DE31-CCB7-4D33-9A03-EB02FFAA57A6}.Debug|Any CPU.ActiveCfg = Debug|Any CPU
		{B692DE31-CCB7-4D33-9A03-EB02FFAA57A6}.Debug|Any CPU.Build.0 = Debug|Any CPU
		{B692DE31-CCB7-4D33-9A03-EB02FFAA57A6}.Release|Any CPU.ActiveCfg = Release|Any CPU
		{B692DE31-CCB7-4D33-9A03-EB02FFAA57A6}.Release|Any CPU.Build.0 = Release|Any CPU
		{2DDFCB37-CEFE-4DB7-8F7D-B4CB8D72D71B}.Debug|Any CPU.ActiveCfg = Debug|Any CPU
		{2DDFCB37-CEFE-4DB7-8F7D-B4CB8D72D71B}.Debug|Any CPU.Build.0 = Debug|Any CPU
		{2DDFCB37-CEFE-4DB7-8F7D-B4CB8D72D71B}.Release|Any CPU.ActiveCfg = Release|Any CPU
		{2DDFCB37-CEFE-4DB7-8F7D-B4CB8D72D71B}.Release|Any CPU.Build.0 = Release|Any CPU
	EndGlobalSection
	GlobalSection(SolutionProperties) = preSolution
		HideSolutionNode = FALSE
	EndGlobalSection
EndGlobal
